
Microsoft Visual Studio Solution File, Format Version 12.00
# Visual Studio Version 17
VisualStudioVersion = 17.11.35327.3
MinimumVisualStudioVersion = 10.0.40219.1
Project("{9A19103F-16F7-4668-BE54-9A1E7A4F7556}") = "Server", "Server\Server.csproj", "{B3D64D1B-7AA6-4439-9E72-75B2230AA511}"
EndProject
Project("{9A19103F-16F7-4668-BE54-9A1E7A4F7556}") = "Client", "Client\Client.csproj", "{404CC530-9D63-4C7F-939B-5D1CD85690B7}"
EndProject
Project("{9A19103F-16F7-4668-BE54-9A1E7A4F7556}") = "BaseLibrary", "BaseLibrary\BaseLibrary.csproj", "{35A24897-EDED-4575-AFD9-863ACF785ED0}"
EndProject
Project("{9A19103F-16F7-4668-BE54-9A1E7A4F7556}") = "ClientLibrary", "ClientLibrary\ClientLibrary.csproj", "{8EBA4775-D11A-4E1A-9AB3-8B77F0A57F45}"
EndProject
Project("{9A19103F-16F7-4668-BE54-9A1E7A4F7556}") = "ServerLibrary", "ServerLibrary\ServerLibrary.csproj", "{16FA6297-DA65-4DBA-BB0E-D95E93A5DF12}"
EndProject
Project("{2150E333-8FDC-42A3-9474-1A3956D46DE8}") = "Solution Items", "Solution Items", "{D42BEAFD-2AE6-4624-8197-E313D7D18A24}"
	ProjectSection(SolutionItems) = preProject
		.gitignore = .gitignore
	EndProjectSection
EndProject
Global
	GlobalSection(SolutionConfigurationPlatforms) = preSolution
		Debug|Any CPU = Debug|Any CPU
		Release|Any CPU = Release|Any CPU
	EndGlobalSection
	GlobalSection(ProjectConfigurationPlatforms) = postSolution
		{B3D64D1B-7AA6-4439-9E72-75B2230AA511}.Debug|Any CPU.ActiveCfg = Debug|Any CPU
		{B3D64D1B-7AA6-4439-9E72-75B2230AA511}.Debug|Any CPU.Build.0 = Debug|Any CPU
		{B3D64D1B-7AA6-4439-9E72-75B2230AA511}.Release|Any CPU.ActiveCfg = Release|Any CPU
		{B3D64D1B-7AA6-4439-9E72-75B2230AA511}.Release|Any CPU.Build.0 = Release|Any CPU
		{404CC530-9D63-4C7F-939B-5D1CD85690B7}.Debug|Any CPU.ActiveCfg = Debug|Any CPU
		{404CC530-9D63-4C7F-939B-5D1CD85690B7}.Debug|Any CPU.Build.0 = Debug|Any CPU
		{404CC530-9D63-4C7F-939B-5D1CD85690B7}.Release|Any CPU.ActiveCfg = Release|Any CPU
		{404CC530-9D63-4C7F-939B-5D1CD85690B7}.Release|Any CPU.Build.0 = Release|Any CPU
		{35A24897-EDED-4575-AFD9-863ACF785ED0}.Debug|Any CPU.ActiveCfg = Debug|Any CPU
		{35A24897-EDED-4575-AFD9-863ACF785ED0}.Debug|Any CPU.Build.0 = Debug|Any CPU
		{35A24897-EDED-4575-AFD9-863ACF785ED0}.Release|Any CPU.ActiveCfg = Release|Any CPU
		{35A24897-EDED-4575-AFD9-863ACF785ED0}.Release|Any CPU.Build.0 = Release|Any CPU
		{8EBA4775-D11A-4E1A-9AB3-8B77F0A57F45}.Debug|Any CPU.ActiveCfg = Debug|Any CPU
		{8EBA4775-D11A-4E1A-9AB3-8B77F0A57F45}.Debug|Any CPU.Build.0 = Debug|Any CPU
		{8EBA4775-D11A-4E1A-9AB3-8B77F0A57F45}.Release|Any CPU.ActiveCfg = Release|Any CPU
		{8EBA4775-D11A-4E1A-9AB3-8B77F0A57F45}.Release|Any CPU.Build.0 = Release|Any CPU
		{16FA6297-DA65-4DBA-BB0E-D95E93A5DF12}.Debug|Any CPU.ActiveCfg = Debug|Any CPU
		{16FA6297-DA65-4DBA-BB0E-D95E93A5DF12}.Debug|Any CPU.Build.0 = Debug|Any CPU
		{16FA6297-DA65-4DBA-BB0E-D95E93A5DF12}.Release|Any CPU.ActiveCfg = Release|Any CPU
		{16FA6297-DA65-4DBA-BB0E-D95E93A5DF12}.Release|Any CPU.Build.0 = Release|Any CPU
	EndGlobalSection
	GlobalSection(SolutionProperties) = preSolution
		HideSolutionNode = FALSE
	EndGlobalSection
	GlobalSection(ExtensibilityGlobals) = postSolution
		SolutionGuid = {7870E8C2-5863-4F41-8AFD-C8DAA07F044E}
	EndGlobalSection
EndGlobal
